
Microsoft Visual Studio Solution File, Format Version 12.00
# Visual Studio Version 16
VisualStudioVersion = 16.0.30413.136
MinimumVisualStudioVersion = 10.0.40219.1
Project("{8BC9CEB8-8B4A-11D0-8D11-00A0C91BC942}") = "math_calc", "math_calc\math_calc.vcxproj", "{1A22C026-CC33-4221-9F89-9B1F8EA16CDC}"
EndProject
Global
	GlobalSection(SolutionConfigurationPlatforms) = preSolution
		Debug|x64 = Debug|x64
		Debug|x86 = Debug|x86
		Release|x64 = Release|x64
		Release|x86 = Release|x86
	EndGlobalSection
	GlobalSection(ProjectConfigurationPlatforms) = postSolution
		{1A22C026-CC33-4221-9F89-9B1F8EA16CDC}.Debug|x64.ActiveCfg = Debug|x64
		{1A22C026-CC33-4221-9F89-9B1F8EA16CDC}.Debug|x64.Build.0 = Debug|x64
		{1A22C026-CC33-4221-9F89-9B1F8EA16CDC}.Debug|x86.ActiveCfg = Debug|Win32
		{1A22C026-CC33-4221-9F89-9B1F8EA16CDC}.Debug|x86.Build.0 = Debug|Win32
		{1A22C026-CC33-4221-9F89-9B1F8EA16CDC}.Release|x64.ActiveCfg = Release|x64
		{1A22C026-CC33-4221-9F89-9B1F8EA16CDC}.Release|x64.Build.0 = Release|x64
		{1A22C026-CC33-4221-9F89-9B1F8EA16CDC}.Release|x86.ActiveCfg = Release|Win32
		{1A22C026-CC33-4221-9F89-9B1F8EA16CDC}.Release|x86.Build.0 = Release|Win32
	EndGlobalSection
	GlobalSection(SolutionProperties) = preSolution
		HideSolutionNode = FALSE
	EndGlobalSection
	GlobalSection(ExtensibilityGlobals) = postSolution
		SolutionGuid = {8E0E814A-CC8D-4785-B4D2-85CB8270C35B}
	EndGlobalSection
EndGlobal
